# This file is automatically @generated by Cargo.
# It is not intended for manual editing.
version = 4

[[package]]
name = "allocator-api2"
version = "0.2.21"
source = "registry+https://github.com/rust-lang/crates.io-index"
checksum = "683d7910e743518b0e34f1186f92494becacb047c7b6bf616c96772180fef923"

[[package]]
name = "bitflags"
version = "2.11.0"
source = "registry+https://github.com/rust-lang/crates.io-index"
checksum = "843867be96c8daad0d758b57df9392b6d8d271134fce549de6ce169ff98a92af"

[[package]]
name = "bytemuck"
version = "1.25.0"
source = "registry+https://github.com/rust-lang/crates.io-index"
checksum = "c8efb64bd706a16a1bdde310ae86b351e4d21550d98d056f22f8a7f7a2183fec"
dependencies = [
 "bytemuck_derive",
]

[[package]]
name = "bytemuck_derive"
version = "1.10.2"
source = "registry+https://github.com/rust-lang/crates.io-index"
checksum = "f9abbd1bc6865053c427f7198e6af43bfdedc55ab791faed4fbd361d789575ff"
dependencies = [
 "proc-macro2",
 "quote",
 "syn",
]

[[package]]
name = "cfg-if"
version = "1.0.4"
source = "registry+https://github.com/rust-lang/crates.io-index"
checksum = "9330f8b2ff13f34540b44e946ef35111825727b38d33286ef986142615121801"

[[package]]
name = "core_maths"
version = "0.1.1"
source = "registry+https://github.com/rust-lang/crates.io-index"
checksum = "77745e017f5edba1a9c1d854f6f3a52dac8a12dd5af5d2f54aecf61e43d80d30"
dependencies = [
 "libm",
]

[[package]]
name = "displaydoc"
version = "0.2.5"
source = "registry+https://github.com/rust-lang/crates.io-index"
checksum = "97369cbbc041bc366949bc74d34658d6cda5621039731c6310521892a3a20ae0"
dependencies = [
 "proc-macro2",
 "quote",
 "syn",
]

[[package]]
name = "dlib"
version = "0.5.3"
source = "registry+https://github.com/rust-lang/crates.io-index"
checksum = "ab8ecd87370524b461f8557c119c405552c396ed91fc0a8eec68679eab26f94a"
dependencies = [
 "libloading",
]

[[package]]
name = "equivalent"
version = "1.0.2"
source = "registry+https://github.com/rust-lang/crates.io-index"
checksum = "877a4ace8713b0bcf2a4e7eec82529c029f1d0619886d18145fea96c3ffe5c0f"

[[package]]
name = "foldhash"
version = "0.2.0"
source = "registry+https://github.com/rust-lang/crates.io-index"
checksum = "77ce24cb58228fbb8aa041425bb1050850ac19177686ea6e0f41a70416f56fdb"

[[package]]
name = "font-types"
version = "0.10.1"
source = "registry+https://github.com/rust-lang/crates.io-index"
checksum = "39a654f404bbcbd48ea58c617c2993ee91d1cb63727a37bf2323a4edeed1b8c5"
dependencies = [
 "bytemuck",
]

[[package]]
name = "font-types"
version = "0.11.1"
source = "registry+https://github.com/rust-lang/crates.io-index"
checksum = "73829a7b5c91198af28a99159b7ae4afbb252fb906159ff7f189f3a2ceaa3df2"
dependencies = [
 "bytemuck",
]

[[package]]
name = "fontique"
version = "0.7.0"
source = "registry+https://github.com/rust-lang/crates.io-index"
checksum = "30bbc252c93499b6d3635d692f892a637db0dbb130ce9b32bf20b28e0dcc470b"
dependencies = [
 "bytemuck",
 "hashbrown",
 "icu_locale_core",
 "linebender_resource_handle",
 "memmap2",
 "objc2",
 "objc2-core-foundation",
 "objc2-core-text",
 "objc2-foundation",
 "read-fonts 0.35.0",
 "roxmltree",
 "smallvec",
 "windows",
 "windows-core",
 "yeslogic-fontconfig-sys",
]

[[package]]
name = "gansquest"
version = "0.1.0"
dependencies = [
 "gansui",
]

[[package]]
name = "gansui"
version = "0.1.0"
dependencies = [
 "indextree",
 "parley",
 "sdl3",
 "swash",
]

[[package]]
name = "harfrust"
version = "0.3.2"
source = "registry+https://github.com/rust-lang/crates.io-index"
checksum = "92c020db12c71d8a12a3fe7607873cade3a01a6287e29d540c8723276221b9d8"
dependencies = [
 "bitflags",
 "bytemuck",
 "core_maths",
 "read-fonts 0.35.0",
 "smallvec",
]

[[package]]
name = "hashbrown"
version = "0.16.1"
source = "registry+https://github.com/rust-lang/crates.io-index"
checksum = "841d1cc9bed7f9236f321df977030373f4a4163ae1a7dbfe1a51a2c1a51d9100"
dependencies = [
 "allocator-api2",
 "equivalent",
 "foldhash",
]

[[package]]
name = "icu_locale_core"
version = "2.1.1"
source = "registry+https://github.com/rust-lang/crates.io-index"
checksum = "edba7861004dd3714265b4db54a3c390e880ab658fec5f7db895fae2046b5bb6"
dependencies = [
 "displaydoc",
 "litemap",
 "serde",
 "tinystr",
 "writeable",
]

[[package]]
name = "indextree"
version = "4.8.1"
source = "registry+https://github.com/rust-lang/crates.io-index"
checksum = "5cee462cd93b03891663339b59a21246cc5fc2cc95060d0bb5059e25cd50edc4"

[[package]]
name = "lazy_static"
version = "1.5.0"
source = "registry+https://github.com/rust-lang/crates.io-index"
checksum = "bbd2bcb4c963f2ddae06a2efc7e9f3591312473c50c6685e1f298068316e66fe"

[[package]]
name = "libc"
version = "0.2.183"
source = "registry+https://github.com/rust-lang/crates.io-index"
checksum = "b5b646652bf6661599e1da8901b3b9522896f01e736bad5f723fe7a3a27f899d"

[[package]]
name = "libloading"
version = "0.8.9"
source = "registry+https://github.com/rust-lang/crates.io-index"
checksum = "d7c4b02199fee7c5d21a5ae7d8cfa79a6ef5bb2fc834d6e9058e89c825efdc55"
dependencies = [
 "cfg-if",
 "windows-link",
]

[[package]]
name = "libm"
version = "0.2.16"
source = "registry+https://github.com/rust-lang/crates.io-index"
checksum = "b6d2cec3eae94f9f509c767b45932f1ada8350c4bdb85af2fcab4a3c14807981"

[[package]]
name = "linebender_resource_handle"
version = "0.1.1"
source = "registry+https://github.com/rust-lang/crates.io-index"
checksum = "d4a5ff6bcca6c4867b1c4fd4ef63e4db7436ef363e0ad7531d1558856bae64f4"

[[package]]
name = "litemap"
version = "0.8.1"
source = "registry+https://github.com/rust-lang/crates.io-index"
checksum = "6373607a59f0be73a39b6fe456b8192fcc3585f602af20751600e974dd455e77"

[[package]]
name = "memchr"
version = "2.8.0"
source = "registry+https://github.com/rust-lang/crates.io-index"
checksum = "f8ca58f447f06ed17d5fc4043ce1b10dd205e060fb3ce5b979b8ed8e59ff3f79"

[[package]]
name = "memmap2"
version = "0.9.10"
source = "registry+https://github.com/rust-lang/crates.io-index"
checksum = "714098028fe011992e1c3962653c96b2d578c4b4bce9036e15ff220319b1e0e3"
dependencies = [
 "libc",
]

[[package]]
name = "objc2"
version = "0.6.4"
source = "registry+https://github.com/rust-lang/crates.io-index"
checksum = "3a12a8ed07aefc768292f076dc3ac8c48f3781c8f2d5851dd3d98950e8c5a89f"
dependencies = [
 "objc2-encode",
]

[[package]]
name = "objc2-core-foundation"
version = "0.3.2"
source = "registry+https://github.com/rust-lang/crates.io-index"
checksum = "2a180dd8642fa45cdb7dd721cd4c11b1cadd4929ce112ebd8b9f5803cc79d536"
dependencies = [
 "bitflags",
]

[[package]]
name = "objc2-core-text"
version = "0.3.2"
source = "registry+https://github.com/rust-lang/crates.io-index"
checksum = "0cde0dfb48d25d2b4862161a4d5fcc0e3c24367869ad306b0c9ec0073bfed92d"
dependencies = [
 "bitflags",
 "objc2-core-foundation",
]

[[package]]
name = "objc2-encode"
version = "4.1.0"
source = "registry+https://github.com/rust-lang/crates.io-index"
checksum = "ef25abbcd74fb2609453eb695bd2f860d389e457f67dc17cafc8b8cbc89d0c33"

[[package]]
name = "objc2-foundation"
version = "0.3.2"
source = "registry+https://github.com/rust-lang/crates.io-index"
checksum = "e3e0adef53c21f888deb4fa59fc59f7eb17404926ee8a6f59f5df0fd7f9f3272"
dependencies = [
 "bitflags",
 "objc2",
]

[[package]]
name = "once_cell"
version = "1.21.4"
source = "registry+https://github.com/rust-lang/crates.io-index"
checksum = "9f7c3e4beb33f85d45ae3e3a1792185706c8e16d043238c593331cc7cd313b50"

[[package]]
name = "parley"
version = "0.7.0"
source = "registry+https://github.com/rust-lang/crates.io-index"
checksum = "ada5338c3a9794af7342e6f765b6e78740db37378aced034d7bf72c96b94ed94"
dependencies = [
 "fontique",
 "harfrust",
 "hashbrown",
 "linebender_resource_handle",
 "skrifa 0.37.0",
 "swash",
]

[[package]]
name = "pkg-config"
version = "0.3.32"
source = "registry+https://github.com/rust-lang/crates.io-index"
checksum = "7edddbd0b52d732b21ad9a5fab5c704c14cd949e5e9a1ec5929a24fded1b904c"

[[package]]
name = "proc-macro2"
version = "1.0.106"
source = "registry+https://github.com/rust-lang/crates.io-index"
checksum = "8fd00f0bb2e90d81d1044c2b32617f68fcb9fa3bb7640c23e9c748e53fb30934"
dependencies = [
 "unicode-ident",
]

[[package]]
name = "quote"
version = "1.0.45"
source = "registry+https://github.com/rust-lang/crates.io-index"
checksum = "41f2619966050689382d2b44f664f4bc593e129785a36d6ee376ddf37259b924"
dependencies = [
 "proc-macro2",
]

[[package]]
name = "read-fonts"
version = "0.35.0"
source = "registry+https://github.com/rust-lang/crates.io-index"
checksum = "6717cf23b488adf64b9d711329542ba34de147df262370221940dfabc2c91358"
dependencies = [
 "bytemuck",
 "core_maths",
 "font-types 0.10.1",
]

[[package]]
name = "read-fonts"
version = "0.37.0"
source = "registry+https://github.com/rust-lang/crates.io-index"
checksum = "7b634fabf032fab15307ffd272149b622260f55974d9fad689292a5d33df02e5"
dependencies = [
 "bytemuck",
 "font-types 0.11.1",
]

[[package]]
name = "roxmltree"
version = "0.21.1"
source = "registry+https://github.com/rust-lang/crates.io-index"
checksum = "f1964b10c76125c36f8afe190065a4bf9a87bf324842c05701330bba9f1cacbb"
dependencies = [
 "memchr",
]

[[package]]
name = "sdl3"
version = "0.17.3"
source = "registry+https://github.com/rust-lang/crates.io-index"
checksum = "dce0693cede7f7901e968e5539f87174d0fb5fac5d489a3e3be52b2b4a0b49c5"
dependencies = [
 "bitflags",
 "lazy_static",
 "libc",
 "sdl3-image-sys",
 "sdl3-sys",
]

[[package]]
name = "sdl3-image-sys"
version = "0.6.1+SDL-image-3.4.0"
source = "registry+https://github.com/rust-lang/crates.io-index"
checksum = "f61a8cc9c72e2cab2e500752f513f65043ff1d36f994b90c7b423abcb796330d"
dependencies = [
 "sdl3-sys",
]

[[package]]
name = "sdl3-sys"
version = "0.6.1+SDL-3.4.2"
source = "registry+https://github.com/rust-lang/crates.io-index"
checksum = "1d73fc820b0b6b9bd0557de7b799ec9da1ca4f35fcd1cb42f7ceb85e640d1477"

[[package]]
name = "serde"
version = "1.0.228"
source = "registry+https://github.com/rust-lang/crates.io-index"
checksum = "9a8e94ea7f378bd32cbbd37198a4a91436180c5bb472411e48b5ec2e2124ae9e"
dependencies = [
 "serde_core",
 "serde_derive",
]

[[package]]
name = "serde_core"
version = "1.0.228"
source = "registry+https://github.com/rust-lang/crates.io-index"
checksum = "41d385c7d4ca58e59fc732af25c3983b67ac852c1a25000afe1175de458b67ad"
dependencies = [
 "serde_derive",
]

[[package]]
name = "serde_derive"
version = "1.0.228"
source = "registry+https://github.com/rust-lang/crates.io-index"
checksum = "d540f220d3187173da220f885ab66608367b6574e925011a9353e4badda91d79"
dependencies = [
 "proc-macro2",
 "quote",
 "syn",
]

[[package]]
name = "skrifa"
version = "0.37.0"
source = "registry+https://github.com/rust-lang/crates.io-index"
checksum = "8c31071dedf532758ecf3fed987cdb4bd9509f900e026ab684b4ecb81ea49841"
dependencies = [
 "bytemuck",
 "read-fonts 0.35.0",
]

[[package]]
name = "skrifa"
version = "0.40.0"
source = "registry+https://github.com/rust-lang/crates.io-index"
checksum = "7fbdfe3d2475fbd7ddd1f3e5cf8288a30eb3e5f95832829570cd88115a7434ac"
dependencies = [
 "bytemuck",
 "read-fonts 0.37.0",
]

[[package]]
name = "smallvec"
version = "1.15.1"
source = "registry+https://github.com/rust-lang/crates.io-index"
checksum = "67b1b7a3b5fe4f1376887184045fcf45c69e92af734b7aaddc05fb777b6fbd03"

[[package]]
name = "swash"
version = "0.2.7"
source = "registry+https://github.com/rust-lang/crates.io-index"
checksum = "842f3cd369c2ba38966204f983eaa5e54a8e84a7d7159ed36ade2b6c335aae64"
dependencies = [
 "skrifa 0.40.0",
 "yazi",
 "zeno",
]

[[package]]
name = "syn"
version = "2.0.117"
source = "registry+https://github.com/rust-lang/crates.io-index"
checksum = "e665b8803e7b1d2a727f4023456bbbbe74da67099c585258af0ad9c5013b9b99"
dependencies = [
 "proc-macro2",
 "quote",
 "unicode-ident",
]

[[package]]
name = "tinystr"
version = "0.8.2"
source = "registry+https://github.com/rust-lang/crates.io-index"
checksum = "42d3e9c45c09de15d06dd8acf5f4e0e399e85927b7f00711024eb7ae10fa4869"
dependencies = [
 "displaydoc",
 "serde_core",
 "zerovec",
]

[[package]]
name = "unicode-ident"
version = "1.0.24"
source = "registry+https://github.com/rust-lang/crates.io-index"
checksum = "e6e4313cd5fcd3dad5cafa179702e2b244f760991f45397d14d4ebf38247da75"

[[package]]
name = "windows"
version = "0.58.0"
source = "registry+https://github.com/rust-lang/crates.io-index"
checksum = "dd04d41d93c4992d421894c18c8b43496aa748dd4c081bac0dc93eb0489272b6"
dependencies = [
 "windows-core",
 "windows-targets",
]

[[package]]
name = "windows-core"
version = "0.58.0"
source = "registry+https://github.com/rust-lang/crates.io-index"
checksum = "6ba6d44ec8c2591c134257ce647b7ea6b20335bf6379a27dac5f1641fcf59f99"
dependencies = [
 "windows-implement",
 "windows-interface",
 "windows-result",
 "windows-strings",
 "windows-targets",
]

[[package]]
name = "windows-implement"
version = "0.58.0"
source = "registry+https://github.com/rust-lang/crates.io-index"
checksum = "2bbd5b46c938e506ecbce286b6628a02171d56153ba733b6c741fc627ec9579b"
dependencies = [
 "proc-macro2",
 "quote",
 "syn",
]

[[package]]
name = "windows-interface"
version = "0.58.0"
source = "registry+https://github.com/rust-lang/crates.io-index"
checksum = "053c4c462dc91d3b1504c6fe5a726dd15e216ba718e84a0e46a88fbe5ded3515"
dependencies = [
 "proc-macro2",
 "quote",
 "syn",
]

[[package]]
name = "windows-link"
version = "0.2.1"
source = "registry+https://github.com/rust-lang/crates.io-index"
checksum = "f0805222e57f7521d6a62e36fa9163bc891acd422f971defe97d64e70d0a4fe5"

[[package]]
name = "windows-result"
version = "0.2.0"
source = "registry+https://github.com/rust-lang/crates.io-index"
checksum = "1d1043d8214f791817bab27572aaa8af63732e11bf84aa21a45a78d6c317ae0e"
dependencies = [
 "windows-targets",
]

[[package]]
name = "windows-strings"
version = "0.1.0"
source = "registry+https://github.com/rust-lang/crates.io-index"
checksum = "4cd9b125c486025df0eabcb585e62173c6c9eddcec5d117d3b6e8c30e2ee4d10"
dependencies = [
 "windows-result",
 "windows-targets",
]

[[package]]
name = "windows-targets"
version = "0.52.6"
source = "registry+https://github.com/rust-lang/crates.io-index"
checksum = "9b724f72796e036ab90c1021d4780d4d3d648aca59e491e6b98e725b84e99973"
dependencies = [
 "windows_aarch64_gnullvm",
 "windows_aarch64_msvc",
 "windows_i686_gnu",
 "windows_i686_gnullvm",
 "windows_i686_msvc",
 "windows_x86_64_gnu",
 "windows_x86_64_gnullvm",
 "windows_x86_64_msvc",
]

[[package]]
name = "windows_aarch64_gnullvm"
version = "0.52.6"
source = "registry+https://github.com/rust-lang/crates.io-index"
checksum = "32a4622180e7a0ec044bb555404c800bc9fd9ec262ec147edd5989ccd0c02cd3"

[[package]]
name = "windows_aarch64_msvc"
version = "0.52.6"
source = "registry+https://github.com/rust-lang/crates.io-index"
checksum = "09ec2a7bb152e2252b53fa7803150007879548bc709c039df7627cabbd05d469"

[[package]]
name = "windows_i686_gnu"
version = "0.52.6"
source = "registry+https://github.com/rust-lang/crates.io-index"
checksum = "8e9b5ad5ab802e97eb8e295ac6720e509ee4c243f69d781394014ebfe8bbfa0b"

[[package]]
name = "windows_i686_gnullvm"
version = "0.52.6"
source = "registry+https://github.com/rust-lang/crates.io-index"
checksum = "0eee52d38c090b3caa76c563b86c3a4bd71ef1a819287c19d586d7334ae8ed66"

[[package]]
name = "windows_i686_msvc"
version = "0.52.6"
source = "registry+https://github.com/rust-lang/crates.io-index"
checksum = "240948bc05c5e7c6dabba28bf89d89ffce3e303022809e73deaefe4f6ec56c66"

[[package]]
name = "windows_x86_64_gnu"
version = "0.52.6"
source = "registry+https://github.com/rust-lang/crates.io-index"
checksum = "147a5c80aabfbf0c7d901cb5895d1de30ef2907eb21fbbab29ca94c5b08b1a78"

[[package]]
name = "windows_x86_64_gnullvm"
version = "0.52.6"
source = "registry+https://github.com/rust-lang/crates.io-index"
checksum = "24d5b23dc417412679681396f2b49f3de8c1473deb516bd34410872eff51ed0d"

[[package]]
name = "windows_x86_64_msvc"
version = "0.52.6"
source = "registry+https://github.com/rust-lang/crates.io-index"
checksum = "589f6da84c646204747d1270a2a5661ea66ed1cced2631d546fdfb155959f9ec"

[[package]]
name = "writeable"
version = "0.6.2"
source = "registry+https://github.com/rust-lang/crates.io-index"
checksum = "9edde0db4769d2dc68579893f2306b26c6ecfbe0ef499b013d731b7b9247e0b9"

[[package]]
name = "yazi"
version = "0.2.1"
source = "registry+https://github.com/rust-lang/crates.io-index"
checksum = "e01738255b5a16e78bbb83e7fbba0a1e7dd506905cfc53f4622d89015a03fbb5"

[[package]]
name = "yeslogic-fontconfig-sys"
version = "6.0.0"
source = "registry+https://github.com/rust-lang/crates.io-index"
checksum = "503a066b4c037c440169d995b869046827dbc71263f6e8f3be6d77d4f3229dbd"
dependencies = [
 "dlib",
 "once_cell",
 "pkg-config",
]

[[package]]
name = "zeno"
version = "0.3.3"
source = "registry+https://github.com/rust-lang/crates.io-index"
checksum = "6df3dc4292935e51816d896edcd52aa30bc297907c26167fec31e2b0c6a32524"

[[package]]
name = "zerofrom"
version = "0.1.6"
source = "registry+https://github.com/rust-lang/crates.io-index"
checksum = "50cc42e0333e05660c3587f3bf9d0478688e15d870fab3346451ce7f8c9fbea5"

[[package]]
name = "zerovec"
version = "0.11.5"
source = "registry+https://github.com/rust-lang/crates.io-index"
checksum = "6c28719294829477f525be0186d13efa9a3c602f7ec202ca9e353d310fb9a002"
dependencies = [
 "serde",
 "zerofrom",
]
